
Microsoft Visual Studio Solution File, Format Version 12.00
# Visual Studio Version 16
VisualStudioVersion = 16.0.30011.22
MinimumVisualStudioVersion = 10.0.40219.1
Project("{9A19103F-16F7-4668-BE54-9A1E7A4F7556}") = "CapaNegocios", "CapaNegocios\CapaNegocios.csproj", "{D754E666-1004-4F5C-8843-DE405737A1FC}"
EndProject
Project("{9A19103F-16F7-4668-BE54-9A1E7A4F7556}") = "CapaDatos", "ClassLibrary1\CapaDatos.csproj", "{2C3C00DC-1E61-4032-B2D9-F728B3AA8C22}"
EndProject
Project("{FAE04EC0-301F-11D3-BF4B-00C04F79EFBC}") = "CapaUsuario", "WindowsFormsApp1\CapaUsuario.csproj", "{8D6CB20E-C6BF-478D-AAEC-9DF4015796FD}"
EndProject
Project("{9A19103F-16F7-4668-BE54-9A1E7A4F7556}") = "Excepciones", "Excepciones\Excepciones.csproj", "{CFC184F6-3B57-40F4-8CC8-22413E01A002}"
EndProject
Project("{FAE04EC0-301F-11D3-BF4B-00C04F79EFBC}") = "Web", "Web\Web.csproj", "{C3FA1E9A-122D-42CD-80AD-21F8EBA8D0D6}"
EndProject
Global
	GlobalSection(SolutionConfigurationPlatforms) = preSolution
		Debug|Any CPU = Debug|Any CPU
		Release|Any CPU = Release|Any CPU
	EndGlobalSection
	GlobalSection(ProjectConfigurationPlatforms) = postSolution
		{D754E666-1004-4F5C-8843-DE405737A1FC}.Debug|Any CPU.ActiveCfg = Debug|Any CPU
		{D754E666-1004-4F5C-8843-DE405737A1FC}.Debug|Any CPU.Build.0 = Debug|Any CPU
		{D754E666-1004-4F5C-8843-DE405737A1FC}.Release|Any CPU.ActiveCfg = Release|Any CPU
		{D754E666-1004-4F5C-8843-DE405737A1FC}.Release|Any CPU.Build.0 = Release|Any CPU
		{2C3C00DC-1E61-4032-B2D9-F728B3AA8C22}.Debug|Any CPU.ActiveCfg = Debug|Any CPU
		{2C3C00DC-1E61-4032-B2D9-F728B3AA8C22}.Debug|Any CPU.Build.0 = Debug|Any CPU
		{2C3C00DC-1E61-4032-B2D9-F728B3AA8C22}.Release|Any CPU.ActiveCfg = Release|Any CPU
		{2C3C00DC-1E61-4032-B2D9-F728B3AA8C22}.Release|Any CPU.Build.0 = Release|Any CPU
		{8D6CB20E-C6BF-478D-AAEC-9DF4015796FD}.Debug|Any CPU.ActiveCfg = Debug|Any CPU
		{8D6CB20E-C6BF-478D-AAEC-9DF4015796FD}.Debug|Any CPU.Build.0 = Debug|Any CPU
		{8D6CB20E-C6BF-478D-AAEC-9DF4015796FD}.Release|Any CPU.ActiveCfg = Release|Any CPU
		{8D6CB20E-C6BF-478D-AAEC-9DF4015796FD}.Release|Any CPU.Build.0 = Release|Any CPU
		{CFC184F6-3B57-40F4-8CC8-22413E01A002}.Debug|Any CPU.ActiveCfg = Debug|Any CPU
		{CFC184F6-3B57-40F4-8CC8-22413E01A002}.Debug|Any CPU.Build.0 = Debug|Any CPU
		{CFC184F6-3B57-40F4-8CC8-22413E01A002}.Release|Any CPU.ActiveCfg = Release|Any CPU
		{CFC184F6-3B57-40F4-8CC8-22413E01A002}.Release|Any CPU.Build.0 = Release|Any CPU
		{C3FA1E9A-122D-42CD-80AD-21F8EBA8D0D6}.Debug|Any CPU.ActiveCfg = Debug|Any CPU
		{C3FA1E9A-122D-42CD-80AD-21F8EBA8D0D6}.Debug|Any CPU.Build.0 = Debug|Any CPU
		{C3FA1E9A-122D-42CD-80AD-21F8EBA8D0D6}.Release|Any CPU.ActiveCfg = Release|Any CPU
		{C3FA1E9A-122D-42CD-80AD-21F8EBA8D0D6}.Release|Any CPU.Build.0 = Release|Any CPU
	EndGlobalSection
	GlobalSection(SolutionProperties) = preSolution
		HideSolutionNode = FALSE
	EndGlobalSection
	GlobalSection(ExtensibilityGlobals) = postSolution
		SolutionGuid = {AF231F73-C885-4DB9-A903-820743321B28}
	EndGlobalSection
EndGlobal
